
Microsoft Visual Studio Solution File, Format Version 12.00
# Visual Studio Version 16
VisualStudioVersion = 16.0.32126.315
MinimumVisualStudioVersion = 10.0.40219.1
Project("{FAE04EC0-301F-11D3-BF4B-00C04F79EFBC}") = "Tuan4_TangThienTu", "Tuan4_TangThienTu\Tuan4_TangThienTu.csproj", "{82B8CF1E-DE65-40DF-8220-E1D42120E2EA}"
EndProject
Global
	GlobalSection(SolutionConfigurationPlatforms) = preSolution
		Debug|Any CPU = Debug|Any CPU
		Release|Any CPU = Release|Any CPU
	EndGlobalSection
	GlobalSection(ProjectConfigurationPlatforms) = postSolution
		{82B8CF1E-DE65-40DF-8220-E1D42120E2EA}.Debug|Any CPU.ActiveCfg = Debug|Any CPU
		{82B8CF1E-DE65-40DF-8220-E1D42120E2EA}.Debug|Any CPU.Build.0 = Debug|Any CPU
		{82B8CF1E-DE65-40DF-8220-E1D42120E2EA}.Release|Any CPU.ActiveCfg = Release|Any CPU
		{82B8CF1E-DE65-40DF-8220-E1D42120E2EA}.Release|Any CPU.Build.0 = Release|Any CPU
	EndGlobalSection
	GlobalSection(SolutionProperties) = preSolution
		HideSolutionNode = FALSE
	EndGlobalSection
	GlobalSection(ExtensibilityGlobals) = postSolution
		SolutionGuid = {015F7368-3B4B-46B3-B8B1-73D21205C69D}
	EndGlobalSection
EndGlobal
